// !$*UTF8*$!
{
	archiveVersion = 1;
	classes = {
	};
	objectVersion = 46;
	objects = {

/* Begin PBXBuildFile section */
		BDED799E1CBD47D800C088F6 /* main.m in Sources */ = {isa = PBXBuildFile; fileRef = BDED799D1CBD47D800C088F6 /* main.m */; };
		BDED79A11CBD47D800C088F6 /* AppDelegate.m in Sources */ = {isa = PBXBuildFile; fileRef = BDED79A01CBD47D800C088F6 /* AppDelegate.m */; };
		BDED79A41CBD47D800C088F6 /* ViewController.m in Sources */ = {isa = PBXBuildFile; fileRef = BDED79A31CBD47D800C088F6 /* ViewController.m */; };
		BDED79A71CBD47D800C088F6 /* Main.storyboard in Resources */ = {isa = PBXBuildFile; fileRef = BDED79A51CBD47D800C088F6 /* Main.storyboard */; };
		BDED79A91CBD47D800C088F6 /* Assets.xcassets in Resources */ = {isa = PBXBuildFile; fileRef = BDED79A81CBD47D800C088F6 /* Assets.xcassets */; };
		BDED79AC1CBD47D800C088F6 /* LaunchScreen.storyboard in Resources */ = {isa = PBXBuildFile; fileRef = BDED79AA1CBD47D800C088F6 /* LaunchScreen.storyboard */; };
		BDED79B51CBD483700C088F6 /* DMDraggableView.m in Sources */ = {isa = PBXBuildFile; fileRef = BDED79B41CBD483700C088F6 /* DMDraggableView.m */; };
		BDED79BE1CBD4F2B00C088F6 /* UIView+Customize.m in Sources */ = {isa = PBXBuildFile; fileRef = BDED79BD1CBD4F2B00C088F6 /* UIView+Customize.m */; };
		BDED79C21CBD63E800C088F6 /* DMDraggableView+DragEndBehaviorUtils.m in Sources */ = {isa = PBXBuildFile; fileRef = BDED79C11CBD63E800C088F6 /* DMDraggableView+DragEndBehaviorUtils.m */; };
/* End PBXBuildFile section */

/* Begin PBXFileReference section */
		BDED79991CBD47D800C088F6 /* Demo.app */ = {isa = PBXFileReference; explicitFileType = wrapper.application; includeInIndex = 0; path = Demo.app; sourceTree = BUILT_PRODUCTS_DIR; };
		BDED799D1CBD47D800C088F6 /* main.m */ = {isa = PBXFileReference; lastKnownFileType = sourcecode.c.objc; path = main.m; sourceTree = "<group>"; };
		BDED799F1CBD47D800C088F6 /* AppDelegate.h */ = {isa = PBXFileReference; lastKnownFileType = sourcecode.c.h; path = AppDelegate.h; sourceTree = "<group>"; };
		BDED79A01CBD47D800C088F6 /* AppDelegate.m */ = {isa = PBXFileReference; lastKnownFileType = sourcecode.c.objc; path = AppDelegate.m; sourceTree = "<group>"; };
		BDED79A21CBD47D800C088F6 /* ViewController.h */ = {isa = PBXFileReference; lastKnownFileType = sourcecode.c.h; path = ViewController.h; sourceTree = "<group>"; };
		BDED79A31CBD47D800C088F6 /* ViewController.m */ = {isa = PBXFileReference; lastKnownFileType = sourcecode.c.objc; path = ViewController.m; sourceTree = "<group>"; };
		BDED79A61CBD47D800C088F6 /* Base */ = {isa = PBXFileReference; lastKnownFileType = file.storyboard; name = Base; path = Base.lproj/Main.storyboard; sourceTree = "<group>"; };
		BDED79A81CBD47D800C088F6 /* Assets.xcassets */ = {isa = PBXFileReference; lastKnownFileType = folder.assetcatalog; path = Assets.xcassets; sourceTree = "<group>"; };
		BDED79AB1CBD47D800C088F6 /* Base */ = {isa = PBXFileReference; lastKnownFileType = file.storyboard; name = Base; path = Base.lproj/LaunchScreen.storyboard; sourceTree = "<group>"; };
		BDED79AD1CBD47D900C088F6 /* Info.plist */ = {isa = PBXFileReference; lastKnownFileType = text.plist.xml; path = Info.plist; sourceTree = "<group>"; };
		BDED79B31CBD483700C088F6 /* DMDraggableView.h */ = {isa = PBXFileReference; fileEncoding = 4; lastKnownFileType = sourcecode.c.h; name = DMDraggableView.h; path = ../../DMDraggableView/DMDraggableView.h; sourceTree = "<group>"; };
		BDED79B41CBD483700C088F6 /* DMDraggableView.m */ = {isa = PBXFileReference; fileEncoding = 4; lastKnownFileType = sourcecode.c.objc; name = DMDraggableView.m; path = ../../DMDraggableView/DMDraggableView.m; sourceTree = "<group>"; };
		BDED79B71CBD48E200C088F6 /* Utils.h */ = {isa = PBXFileReference; lastKnownFileType = sourcecode.c.h; name = Utils.h; path = ../../DMDraggableView/Utils.h; sourceTree = "<group>"; };
		BDED79B81CBD48E200C088F6 /* Utils.m */ = {isa = PBXFileReference; lastKnownFileType = sourcecode.c.objc; name = Utils.m; path = ../../DMDraggableView/Utils.m; sourceTree = "<group>"; };
		BDED79BC1CBD4F2B00C088F6 /* UIView+Customize.h */ = {isa = PBXFileReference; fileEncoding = 4; lastKnownFileType = sourcecode.c.h; name = "UIView+Customize.h"; path = "../../DMDraggableView/UIView+Customize.h"; sourceTree = "<group>"; };
		BDED79BD1CBD4F2B00C088F6 /* UIView+Customize.m */ = {isa = PBXFileReference; fileEncoding = 4; lastKnownFileType = sourcecode.c.objc; name = "UIView+Customize.m"; path = "../../DMDraggableView/UIView+Customize.m"; sourceTree = "<group>"; };
		BDED79C01CBD63E800C088F6 /* DMDraggableView+DragEndBehaviorUtils.h */ = {isa = PBXFileReference; fileEncoding = 4; lastKnownFileType = sourcecode.c.h; name = "DMDraggableView+DragEndBehaviorUtils.h"; path = "../../DMDraggableView/DMDraggableView+DragEndBehaviorUtils.h"; sourceTree = "<group>"; };
		BDED79C11CBD63E800C088F6 /* DMDraggableView+DragEndBehaviorUtils.m */ = {isa = PBXFileReference; fileEncoding = 4; lastKnownFileType = sourcecode.c.objc; name = "DMDraggableView+DragEndBehaviorUtils.m"; path = "../../DMDraggableView/DMDraggableView+DragEndBehaviorUtils.m"; sourceTree = "<group>"; };
/* End PBXFileReference section */

/* Begin PBXFrameworksBuildPhase section */
		BDED79961CBD47D800C088F6 /* Frameworks */ = {
			isa = PBXFrameworksBuildPhase;
			buildActionMask = 2147483647;
			files = (
			);
			runOnlyForDeploymentPostprocessing = 0;
		};
/* End PBXFrameworksBuildPhase section */

/* Begin PBXGroup section */
		BDED79901CBD47D800C088F6 = {
			isa = PBXGroup;
			children = (
				BDED799B1CBD47D800C088F6 /* Demo */,
				BDED799A1CBD47D800C088F6 /* Products */,
			);
			sourceTree = "<group>";
		};
		BDED799A1CBD47D800C088F6 /* Products */ = {
			isa = PBXGroup;
			children = (
				BDED79991CBD47D800C088F6 /* Demo.app */,
			);
			name = Products;
			sourceTree = "<group>";
		};
		BDED799B1CBD47D800C088F6 /* Demo */ = {
			isa = PBXGroup;
			children = (
				BDED79B61CBD483C00C088F6 /* DMDraggableView */,
				BDED799F1CBD47D800C088F6 /* AppDelegate.h */,
				BDED79A01CBD47D800C088F6 /* AppDelegate.m */,
				BDED79A21CBD47D800C088F6 /* ViewController.h */,
				BDED79A31CBD47D800C088F6 /* ViewController.m */,
				BDED79A51CBD47D800C088F6 /* Main.storyboard */,
				BDED79A81CBD47D800C088F6 /* Assets.xcassets */,
				BDED79AA1CBD47D800C088F6 /* LaunchScreen.storyboard */,
				BDED79AD1CBD47D900C088F6 /* Info.plist */,
				BDED799C1CBD47D800C088F6 /* Supporting Files */,
			);
			path = Demo;
			sourceTree = "<group>";
		};
		BDED799C1CBD47D800C088F6 /* Supporting Files */ = {
			isa = PBXGroup;
			children = (
				BDED799D1CBD47D800C088F6 /* main.m */,
			);
			name = "Supporting Files";
			sourceTree = "<group>";
		};
		BDED79B61CBD483C00C088F6 /* DMDraggableView */ = {
			isa = PBXGroup;
			children = (
				BDED79BF1CBD637C00C088F6 /* Categories */,
				BDED79B31CBD483700C088F6 /* DMDraggableView.h */,
				BDED79B41CBD483700C088F6 /* DMDraggableView.m */,
				BDED79BC1CBD4F2B00C088F6 /* UIView+Customize.h */,
				BDED79BD1CBD4F2B00C088F6 /* UIView+Customize.m */,
				BDED79B71CBD48E200C088F6 /* Utils.h */,
				BDED79B81CBD48E200C088F6 /* Utils.m */,
			);
			name = DMDraggableView;
			sourceTree = "<group>";
		};
		BDED79BF1CBD637C00C088F6 /* Categories */ = {
			isa = PBXGroup;
			children = (
				BDED79C01CBD63E800C088F6 /* DMDraggableView+DragEndBehaviorUtils.h */,
				BDED79C11CBD63E800C088F6 /* DMDraggableView+DragEndBehaviorUtils.m */,
			);
			name = Categories;
			sourceTree = "<group>";
		};
/* End PBXGroup section */

/* Begin PBXNativeTarget section */
		BDED79981CBD47D800C088F6 /* Demo */ = {
			isa = PBXNativeTarget;
			buildConfigurationList = BDED79B01CBD47D900C088F6 /* Build configuration list for PBXNativeTarget "Demo" */;
			buildPhases = (
				BDED79951CBD47D800C088F6 /* Sources */,
				BDED79961CBD47D800C088F6 /* Frameworks */,
				BDED79971CBD47D800C088F6 /* Resources */,
			);
			buildRules = (
			);
			dependencies = (
			);
			name = Demo;
			productName = Demo;
			productReference = BDED79991CBD47D800C088F6 /* Demo.app */;
			productType = "com.apple.product-type.application";
		};
/* End PBXNativeTarget section */

/* Begin PBXProject section */
		BDED79911CBD47D800C088F6 /* Project object */ = {
			isa = PBXProject;
			attributes = {
				LastUpgradeCheck = 0730;
				ORGANIZATIONNAME = Davaur;
				TargetAttributes = {
					BDED79981CBD47D800C088F6 = {
						CreatedOnToolsVersion = 7.3;
					};
				};
			};
			buildConfigurationList = BDED79941CBD47D800C088F6 /* Build configuration list for PBXProject "Demo" */;
			compatibilityVersion = "Xcode 3.2";
			developmentRegion = English;
			hasScannedForEncodings = 0;
			knownRegions = (
				en,
				Base,
			);
			mainGroup = BDED79901CBD47D800C088F6;
			productRefGroup = BDED799A1CBD47D800C088F6 /* Products */;
			projectDirPath = "";
			projectRoot = "";
			targets = (
				BDED79981CBD47D800C088F6 /* Demo */,
			);
		};
/* End PBXProject section */

/* Begin PBXResourcesBuildPhase section */
		BDED79971CBD47D800C088F6 /* Resources */ = {
			isa = PBXResourcesBuildPhase;
			buildActionMask = 2147483647;
			files = (
				BDED79AC1CBD47D800C088F6 /* LaunchScreen.storyboard in Resources */,
				BDED79A91CBD47D800C088F6 /* Assets.xcassets in Resources */,
				BDED79A71CBD47D800C088F6 /* Main.storyboard in Resources */,
			);
			runOnlyForDeploymentPostprocessing = 0;
		};
/* End PBXResourcesBuildPhase section */

/* Begin PBXSourcesBuildPhase section */
		BDED79951CBD47D800C088F6 /* Sources */ = {
			isa = PBXSourcesBuildPhase;
			buildActionMask = 2147483647;
			files = (
				BDED79A41CBD47D800C088F6 /* ViewController.m in Sources */,
				BDED79C21CBD63E800C088F6 /* DMDraggableView+DragEndBehaviorUtils.m in Sources */,
				BDED79B51CBD483700C088F6 /* DMDraggableView.m in Sources */,
				BDED79A11CBD47D800C088F6 /* AppDelegate.m in Sources */,
				BDED799E1CBD47D800C088F6 /* main.m in Sources */,
				BDED79BE1CBD4F2B00C088F6 /* UIView+Customize.m in Sources */,
			);
			runOnlyForDeploymentPostprocessing = 0;
		};
/* End PBXSourcesBuildPhase section */

/* Begin PBXVariantGroup section */
		BDED79A51CBD47D800C088F6 /* Main.storyboard */ = {
			isa = PBXVariantGroup;
			children = (
				BDED79A61CBD47D800C088F6 /* Base */,
			);
			name = Main.storyboard;
			sourceTree = "<group>";
		};
		BDED79AA1CBD47D800C088F6 /* LaunchScreen.storyboard */ = {
			isa = PBXVariantGroup;
			children = (
				BDED79AB1CBD47D800C088F6 /* Base */,
			);
			name = LaunchScreen.storyboard;
			sourceTree = "<group>";
		};
/* End PBXVariantGroup section */

/* Begin XCBuildConfiguration section */
		BDED79AE1CBD47D900C088F6 /* Debug */ = {
			isa = XCBuildConfiguration;
			buildSettings = {
				ALWAYS_SEARCH_USER_PATHS = NO;
				CLANG_ANALYZER_NONNULL = YES;
				CLANG_CXX_LANGUAGE_STANDARD = "gnu++0x";
				CLANG_CXX_LIBRARY = "libc++";
				CLANG_ENABLE_MODULES = YES;
				CLANG_ENABLE_OBJC_ARC = YES;
				CLANG_WARN_BOOL_CONVERSION = YES;
				CLANG_WARN_CONSTANT_CONVERSION = YES;
				CLANG_WARN_DIRECT_OBJC_ISA_USAGE = YES_ERROR;
				CLANG_WARN_EMPTY_BODY = YES;
				CLANG_WARN_ENUM_CONVERSION = YES;
				CLANG_WARN_INT_CONVERSION = YES;
				CLANG_WARN_OBJC_ROOT_CLASS = YES_ERROR;
				CLANG_WARN_UNREACHABLE_CODE = YES;
				CLANG_WARN__DUPLICATE_METHOD_MATCH = YES;
				"CODE_SIGN_IDENTITY[sdk=iphoneos*]" = "iPhone Developer";
				COPY_PHASE_STRIP = NO;
				DEBUG_INFORMATION_FORMAT = dwarf;
				ENABLE_STRICT_OBJC_MSGSEND = YES;
				ENABLE_TESTABILITY = YES;
				GCC_C_LANGUAGE_STANDARD = gnu99;
				GCC_DYNAMIC_NO_PIC = NO;
				GCC_NO_COMMON_BLOCKS = YES;
				GCC_OPTIMIZATION_LEVEL = 0;
				GCC_PREPROCESSOR_DEFINITIONS = (
					"DEBUG=1",
					"$(inherited)",
				);
				GCC_WARN_64_TO_32_BIT_CONVERSION = YES;
				GCC_WARN_ABOUT_RETURN_TYPE = YES_ERROR;
				GCC_WARN_UNDECLARED_SELECTOR = YES;
				GCC_WARN_UNINITIALIZED_AUTOS = YES_AGGRESSIVE;
				GCC_WARN_UNUSED_FUNCTION = YES;
				GCC_WARN_UNUSED_VARIABLE = YES;
				IPHONEOS_DEPLOYMENT_TARGET = 9.3;
				MTL_ENABLE_DEBUG_INFO = YES;
				ONLY_ACTIVE_ARCH = YES;
				SDKROOT = iphoneos;
			};
			name = Debug;
		};
		BDED79AF1CBD47D900C088F6 /* Release */ = {
			isa = XCBuildConfiguration;
			buildSettings = {
				ALWAYS_SEARCH_USER_PATHS = NO;
				CLANG_ANALYZER_NONNULL = YES;
				CLANG_CXX_LANGUAGE_STANDARD = "gnu++0x";
				CLANG_CXX_LIBRARY = "libc++";
				CLANG_ENABLE_MODULES = YES;
				CLANG_ENABLE_OBJC_ARC = YES;
				CLANG_WARN_BOOL_CONVERSION = YES;
				CLANG_WARN_CONSTANT_CONVERSION = YES;
				CLANG_WARN_DIRECT_OBJC_ISA_USAGE = YES_ERROR;
				CLANG_WARN_EMPTY_BODY = YES;
				CLANG_WARN_ENUM_CONVERSION = YES;
				CLANG_WARN_INT_CONVERSION = YES;
				CLANG_WARN_OBJC_ROOT_CLASS = YES_ERROR;
				CLANG_WARN_UNREACHABLE_CODE = YES;
				CLANG_WARN__DUPLICATE_METHOD_MATCH = YES;
				"CODE_SIGN_IDENTITY[sdk=iphoneos*]" = "iPhone Developer";
				COPY_PHASE_STRIP = NO;
				DEBUG_INFORMATION_FORMAT = "dwarf-with-dsym";
				ENABLE_NS_ASSERTIONS = NO;
				ENABLE_STRICT_OBJC_MSGSEND = YES;
				GCC_C_LANGUAGE_STANDARD = gnu99;
				GCC_NO_COMMON_BLOCKS = YES;
				GCC_WARN_64_TO_32_BIT_CONVERSION = YES;
				GCC_WARN_ABOUT_RETURN_TYPE = YES_ERROR;
				GCC_WARN_UNDECLARED_SELECTOR = YES;
				GCC_WARN_UNINITIALIZED_AUTOS = YES_AGGRESSIVE;
				GCC_WARN_UNUSED_FUNCTION = YES;
				GCC_WARN_UNUSED_VARIABLE = YES;
				IPHONEOS_DEPLOYMENT_TARGET = 9.3;
				MTL_ENABLE_DEBUG_INFO = NO;
				SDKROOT = iphoneos;
				VALIDATE_PRODUCT = YES;
			};
			name = Release;
		};
		BDED79B11CBD47D900C088F6 /* Debug */ = {
			isa = XCBuildConfiguration;
			buildSettings = {
				ASSETCATALOG_COMPILER_APPICON_NAME = AppIcon;
				INFOPLIST_FILE = Demo/Info.plist;
				LD_RUNPATH_SEARCH_PATHS = "$(inherited) @executable_path/Frameworks";
				PRODUCT_BUNDLE_IDENTIFIER = com.Davaur.Demo;
				PRODUCT_NAME = "$(TARGET_NAME)";
			};
			name = Debug;
		};
		BDED79B21CBD47D900C088F6 /* Release */ = {
			isa = XCBuildConfiguration;
			buildSettings = {
				ASSETCATALOG_COMPILER_APPICON_NAME = AppIcon;
				INFOPLIST_FILE = Demo/Info.plist;
				LD_RUNPATH_SEARCH_PATHS = "$(inherited) @executable_path/Frameworks";
				PRODUCT_BUNDLE_IDENTIFIER = com.Davaur.Demo;
				PRODUCT_NAME = "$(TARGET_NAME)";
			};
			name = Release;
		};
/* End XCBuildConfiguration section */

/* Begin XCConfigurationList section */
		BDED79941CBD47D800C088F6 /* Build configuration list for PBXProject "Demo" */ = {
			isa = XCConfigurationList;
			buildConfigurations = (
				BDED79AE1CBD47D900C088F6 /* Debug */,
				BDED79AF1CBD47D900C088F6 /* Release */,
			);
			defaultConfigurationIsVisible = 0;
			defaultConfigurationName = Release;
		};
		BDED79B01CBD47D900C088F6 /* Build configuration list for PBXNativeTarget "Demo" */ = {
			isa = XCConfigurationList;
			buildConfigurations = (
				BDED79B11CBD47D900C088F6 /* Debug */,
				BDED79B21CBD47D900C088F6 /* Release */,
			);
			defaultConfigurationIsVisible = 0;
			defaultConfigurationName = Release;
		};
/* End XCConfigurationList section */
	};
	rootObject = BDED79911CBD47D800C088F6 /* Project object */;
}
